{
  "requires": true,
  "lockfileVersion": 1,
  "dependencies": {
    "@fortawesome/fontawesome-common-types": {
      "version": "0.2.10",
      "resolved": "https://registry.npmjs.org/@fortawesome/fontawesome-common-types/-/fontawesome-common-types-0.2.10.tgz",
      "integrity": "sha512-FbrzSgFDzoC6Dm8w7gCWxgdffFbYV7O/4THOtYDQEplZVOpYIA3vjgnxCXApY49YaIQ91mxIGROS3d7wS+fO3A=="
    },
    "@fortawesome/free-brands-svg-icons": {
      "version": "5.6.1",
      "resolved": "https://registry.npmjs.org/@fortawesome/free-brands-svg-icons/-/free-brands-svg-icons-5.6.1.tgz",
      "integrity": "sha512-rrlucemW9+Az26+faQ9O7D50PPrBD+0ATi86yufqnyy44HapoWPuu/0AJhdUCV4hDEWMrAVAvGUEVg9oxHoTHQ==",
      "requires": {
        "@fortawesome/fontawesome-common-types": "^0.2.10"
      }
    },
    "@fortawesome/free-regular-svg-icons": {
      "version": "5.6.1",
      "resolved": "https://registry.npmjs.org/@fortawesome/free-regular-svg-icons/-/free-regular-svg-icons-5.6.1.tgz",
      "integrity": "sha512-5ztVA0cdbY+uMi1huFdC5gQTmsTMT3x87Ow7kN89ZbtaQcEcVG9l7h1+KIN5CrtQ5+ihdkDZdbZh7yqAlGDjaA==",
      "requires": {
        "@fortawesome/fontawesome-common-types": "^0.2.10"
      }
    }
  }
}
